
Microsoft Visual Studio Solution File, Format Version 12.00
# Visual Studio Version 16
VisualStudioVersion = 16.0.31624.102
MinimumVisualStudioVersion = 10.0.40219.1
Project("{FAE04EC0-301F-11D3-BF4B-00C04F79EFBC}") = "WebPeople", "WebPeople\WebPeople.csproj", "{C25BC45A-959E-4639-9B0B-01E8E5C8ACFB}"
EndProject
Global
	GlobalSection(SolutionConfigurationPlatforms) = preSolution
		Debug|Any CPU = Debug|Any CPU
		Release|Any CPU = Release|Any CPU
	EndGlobalSection
	GlobalSection(ProjectConfigurationPlatforms) = postSolution
		{C25BC45A-959E-4639-9B0B-01E8E5C8ACFB}.Debug|Any CPU.ActiveCfg = Debug|Any CPU
		{C25BC45A-959E-4639-9B0B-01E8E5C8ACFB}.Debug|Any CPU.Build.0 = Debug|Any CPU
		{C25BC45A-959E-4639-9B0B-01E8E5C8ACFB}.Release|Any CPU.ActiveCfg = Release|Any CPU
		{C25BC45A-959E-4639-9B0B-01E8E5C8ACFB}.Release|Any CPU.Build.0 = Release|Any CPU
	EndGlobalSection
	GlobalSection(SolutionProperties) = preSolution
		HideSolutionNode = FALSE
	EndGlobalSection
	GlobalSection(ExtensibilityGlobals) = postSolution
		SolutionGuid = {79DC5FD4-667E-4C88-B8C9-B061E078B921}
	EndGlobalSection
EndGlobal
